{
  "name": "run-action-m2",
  "version": "1.0.0",
  "lockfileVersion": 3,
  "requires": true,
  "packages": {
    "": {
      "name": "run-action-m2",
      "version": "1.0.0",
      "license": "ISC",
      "dependencies": {
        "born-to-code": "^0.3.2"
      }
    },
    "node_modules/born-to-code": {
      "version": "0.3.2",
      "resolved": "https://registry.npmjs.org/born-to-code/-/born-to-code-0.3.2.tgz",
      "integrity": "sha512-OuWMRHTd29Yi9x5NKeCm3R6hw2I2s4pmAJndhWHdRak6TNpBE7KiXwbHXxJs/kOrVwYGcQFHXc0QR5BcpojgVQ==",
      "bin": {
        "born-to-code": "src/index.js"
      }
    }
  }
}
